
Microsoft Visual Studio Solution File, Format Version 12.00
# Visual Studio Version 17
VisualStudioVersion = 17.14.36705.20
MinimumVisualStudioVersion = 10.0.40219.1
Project("{FAE04EC0-301F-11D3-BF4B-00C04F79EFBC}") = "FacturacionVERIFACTU.API", "FacturacionVERIFACTU.API\FacturacionVERIFACTU.API.csproj", "{8C6C5663-9E6D-4711-8B13-761B52B42479}"
EndProject
Project("{FAE04EC0-301F-11D3-BF4B-00C04F79EFBC}") = "FacturacionVERIFACTU.Web", "FacturacionVERIFACTU.Web\FacturacionVERIFACTU.Web.csproj", "{798454F1-6645-421E-951F-56CAE4E02359}"
EndProject
Project("{FAE04EC0-301F-11D3-BF4B-00C04F79EFBC}") = "FacturacionVERIFACTU.API.Tests", "FacturacionVERIFACTU.API.Test\FacturacionVERIFACTU.API.Tests.csproj", "{E58C4906-D010-405C-BC5D-D439412DE36D}"
EndProject
Global
	GlobalSection(SolutionConfigurationPlatforms) = preSolution
		Debug|Any CPU = Debug|Any CPU
		Debug|x64 = Debug|x64
		Debug|x86 = Debug|x86
		Release|Any CPU = Release|Any CPU
		Release|x64 = Release|x64
		Release|x86 = Release|x86
	EndGlobalSection
	GlobalSection(ProjectConfigurationPlatforms) = postSolution
		{8C6C5663-9E6D-4711-8B13-761B52B42479}.Debug|Any CPU.ActiveCfg = Debug|Any CPU
		{8C6C5663-9E6D-4711-8B13-761B52B42479}.Debug|Any CPU.Build.0 = Debug|Any CPU
		{8C6C5663-9E6D-4711-8B13-761B52B42479}.Debug|x64.ActiveCfg = Debug|Any CPU
		{8C6C5663-9E6D-4711-8B13-761B52B42479}.Debug|x64.Build.0 = Debug|Any CPU
		{8C6C5663-9E6D-4711-8B13-761B52B42479}.Debug|x86.ActiveCfg = Debug|Any CPU
		{8C6C5663-9E6D-4711-8B13-761B52B42479}.Debug|x86.Build.0 = Debug|Any CPU
		{8C6C5663-9E6D-4711-8B13-761B52B42479}.Release|Any CPU.ActiveCfg = Release|Any CPU
		{8C6C5663-9E6D-4711-8B13-761B52B42479}.Release|Any CPU.Build.0 = Release|Any CPU
		{8C6C5663-9E6D-4711-8B13-761B52B42479}.Release|x64.ActiveCfg = Release|Any CPU
		{8C6C5663-9E6D-4711-8B13-761B52B42479}.Release|x64.Build.0 = Release|Any CPU
		{8C6C5663-9E6D-4711-8B13-761B52B42479}.Release|x86.ActiveCfg = Release|Any CPU
		{8C6C5663-9E6D-4711-8B13-761B52B42479}.Release|x86.Build.0 = Release|Any CPU
		{798454F1-6645-421E-951F-56CAE4E02359}.Debug|Any CPU.ActiveCfg = Debug|Any CPU
		{798454F1-6645-421E-951F-56CAE4E02359}.Debug|Any CPU.Build.0 = Debug|Any CPU
		{798454F1-6645-421E-951F-56CAE4E02359}.Debug|x64.ActiveCfg = Debug|Any CPU
		{798454F1-6645-421E-951F-56CAE4E02359}.Debug|x64.Build.0 = Debug|Any CPU
		{798454F1-6645-421E-951F-56CAE4E02359}.Debug|x86.ActiveCfg = Debug|Any CPU
		{798454F1-6645-421E-951F-56CAE4E02359}.Debug|x86.Build.0 = Debug|Any CPU
		{798454F1-6645-421E-951F-56CAE4E02359}.Release|Any CPU.ActiveCfg = Release|Any CPU
		{798454F1-6645-421E-951F-56CAE4E02359}.Release|Any CPU.Build.0 = Release|Any CPU
		{798454F1-6645-421E-951F-56CAE4E02359}.Release|x64.ActiveCfg = Release|Any CPU
		{798454F1-6645-421E-951F-56CAE4E02359}.Release|x64.Build.0 = Release|Any CPU
		{798454F1-6645-421E-951F-56CAE4E02359}.Release|x86.ActiveCfg = Release|Any CPU
		{798454F1-6645-421E-951F-56CAE4E02359}.Release|x86.Build.0 = Release|Any CPU
		{E58C4906-D010-405C-BC5D-D439412DE36D}.Debug|Any CPU.ActiveCfg = Debug|Any CPU
		{E58C4906-D010-405C-BC5D-D439412DE36D}.Debug|Any CPU.Build.0 = Debug|Any CPU
		{E58C4906-D010-405C-BC5D-D439412DE36D}.Debug|x64.ActiveCfg = Debug|Any CPU
		{E58C4906-D010-405C-BC5D-D439412DE36D}.Debug|x64.Build.0 = Debug|Any CPU
		{E58C4906-D010-405C-BC5D-D439412DE36D}.Debug|x86.ActiveCfg = Debug|Any CPU
		{E58C4906-D010-405C-BC5D-D439412DE36D}.Debug|x86.Build.0 = Debug|Any CPU
		{E58C4906-D010-405C-BC5D-D439412DE36D}.Release|Any CPU.ActiveCfg = Release|Any CPU
		{E58C4906-D010-405C-BC5D-D439412DE36D}.Release|Any CPU.Build.0 = Release|Any CPU
		{E58C4906-D010-405C-BC5D-D439412DE36D}.Release|x64.ActiveCfg = Release|Any CPU
		{E58C4906-D010-405C-BC5D-D439412DE36D}.Release|x64.Build.0 = Release|Any CPU
		{E58C4906-D010-405C-BC5D-D439412DE36D}.Release|x86.ActiveCfg = Release|Any CPU
		{E58C4906-D010-405C-BC5D-D439412DE36D}.Release|x86.Build.0 = Release|Any CPU
	EndGlobalSection
	GlobalSection(SolutionProperties) = preSolution
		HideSolutionNode = FALSE
	EndGlobalSection
	GlobalSection(ExtensibilityGlobals) = postSolution
		SolutionGuid = {FBBE3D6F-8142-4FDF-B255-7A91E4844E82}
	EndGlobalSection
EndGlobal
